
Microsoft Visual Studio Solution File, Format Version 12.00
# Visual Studio Version 16
VisualStudioVersion = 16.0.32126.315
MinimumVisualStudioVersion = 10.0.40219.1
Project("{FAE04EC0-301F-11D3-BF4B-00C04F79EFBC}") = "FunctionsReturnAndArraysFromFile", "FunctionsReturnAndArraysFromFile\FunctionsReturnAndArraysFromFile.csproj", "{97CB4729-D055-40DD-8BD8-326A58EA6B7B}"
EndProject
Project("{FAE04EC0-301F-11D3-BF4B-00C04F79EFBC}") = "FridayNightRandom", "FridayNightRandom\FridayNightRandom.csproj", "{2F1C14EB-96FA-41AF-9700-194D2E7B8C7B}"
EndProject
Project("{FAE04EC0-301F-11D3-BF4B-00C04F79EFBC}") = "FridayNightRandomReturn", "FridayNightRandomReturn\FridayNightRandomReturn.csproj", "{E867664D-F48A-4209-AC5D-52FC33AB3972}"
EndProject
Project("{FAE04EC0-301F-11D3-BF4B-00C04F79EFBC}") = "PickRandomFromFile", "PickRandomFromFile\PickRandomFromFile.csproj", "{11F53B00-6475-40A9-BB6B-9E787F92687E}"
EndProject
Project("{FAE04EC0-301F-11D3-BF4B-00C04F79EFBC}") = "ChuckNorris", "ChuckNorris\ChuckNorris.csproj", "{27153B94-9947-4D95-B189-49A0EC4ECD5C}"
EndProject
Global
	GlobalSection(SolutionConfigurationPlatforms) = preSolution
		Debug|Any CPU = Debug|Any CPU
		Release|Any CPU = Release|Any CPU
	EndGlobalSection
	GlobalSection(ProjectConfigurationPlatforms) = postSolution
		{97CB4729-D055-40DD-8BD8-326A58EA6B7B}.Debug|Any CPU.ActiveCfg = Debug|Any CPU
		{97CB4729-D055-40DD-8BD8-326A58EA6B7B}.Debug|Any CPU.Build.0 = Debug|Any CPU
		{97CB4729-D055-40DD-8BD8-326A58EA6B7B}.Release|Any CPU.ActiveCfg = Release|Any CPU
		{97CB4729-D055-40DD-8BD8-326A58EA6B7B}.Release|Any CPU.Build.0 = Release|Any CPU
		{2F1C14EB-96FA-41AF-9700-194D2E7B8C7B}.Debug|Any CPU.ActiveCfg = Debug|Any CPU
		{2F1C14EB-96FA-41AF-9700-194D2E7B8C7B}.Debug|Any CPU.Build.0 = Debug|Any CPU
		{2F1C14EB-96FA-41AF-9700-194D2E7B8C7B}.Release|Any CPU.ActiveCfg = Release|Any CPU
		{2F1C14EB-96FA-41AF-9700-194D2E7B8C7B}.Release|Any CPU.Build.0 = Release|Any CPU
		{E867664D-F48A-4209-AC5D-52FC33AB3972}.Debug|Any CPU.ActiveCfg = Debug|Any CPU
		{E867664D-F48A-4209-AC5D-52FC33AB3972}.Debug|Any CPU.Build.0 = Debug|Any CPU
		{E867664D-F48A-4209-AC5D-52FC33AB3972}.Release|Any CPU.ActiveCfg = Release|Any CPU
		{E867664D-F48A-4209-AC5D-52FC33AB3972}.Release|Any CPU.Build.0 = Release|Any CPU
		{11F53B00-6475-40A9-BB6B-9E787F92687E}.Debug|Any CPU.ActiveCfg = Debug|Any CPU
		{11F53B00-6475-40A9-BB6B-9E787F92687E}.Debug|Any CPU.Build.0 = Debug|Any CPU
		{11F53B00-6475-40A9-BB6B-9E787F92687E}.Release|Any CPU.ActiveCfg = Release|Any CPU
		{11F53B00-6475-40A9-BB6B-9E787F92687E}.Release|Any CPU.Build.0 = Release|Any CPU
		{27153B94-9947-4D95-B189-49A0EC4ECD5C}.Debug|Any CPU.ActiveCfg = Debug|Any CPU
		{27153B94-9947-4D95-B189-49A0EC4ECD5C}.Debug|Any CPU.Build.0 = Debug|Any CPU
		{27153B94-9947-4D95-B189-49A0EC4ECD5C}.Release|Any CPU.ActiveCfg = Release|Any CPU
		{27153B94-9947-4D95-B189-49A0EC4ECD5C}.Release|Any CPU.Build.0 = Release|Any CPU
	EndGlobalSection
	GlobalSection(SolutionProperties) = preSolution
		HideSolutionNode = FALSE
	EndGlobalSection
	GlobalSection(ExtensibilityGlobals) = postSolution
		SolutionGuid = {4374055F-259A-4E72-A660-1CEBF7DDB5B1}
	EndGlobalSection
EndGlobal
